// !$*UTF8*$!
{
	archiveVersion = 1;
	classes = {
	};
	objectVersion = 55;
	objects = {

/* Begin PBXBuildFile section */
		AB33E04F288DCF500026B6BE /* PickerViewTableViewCell+UIPickerViewDelegate.swift in Sources */ = {isa = PBXBuildFile; fileRef = AB33E04E288DCF500026B6BE /* PickerViewTableViewCell+UIPickerViewDelegate.swift */; };
		AB33E051288DCF570026B6BE /* PickerViewTableViewCell+UIPickerViewDataSource.swift in Sources */ = {isa = PBXBuildFile; fileRef = AB33E050288DCF570026B6BE /* PickerViewTableViewCell+UIPickerViewDataSource.swift */; };
		AB3AF25D288AD6030007539A /* AppDelegate.swift in Sources */ = {isa = PBXBuildFile; fileRef = AB3AF25C288AD6030007539A /* AppDelegate.swift */; };
		AB3AF25F288AD6030007539A /* SceneDelegate.swift in Sources */ = {isa = PBXBuildFile; fileRef = AB3AF25E288AD6030007539A /* SceneDelegate.swift */; };
		AB3AF261288AD6030007539A /* HomeViewController.swift in Sources */ = {isa = PBXBuildFile; fileRef = AB3AF260288AD6030007539A /* HomeViewController.swift */; };
		AB3AF264288AD6030007539A /* Main.storyboard in Resources */ = {isa = PBXBuildFile; fileRef = AB3AF262288AD6030007539A /* Main.storyboard */; };
		AB3AF267288AD6030007539A /* FoodManChu.xcdatamodeld in Sources */ = {isa = PBXBuildFile; fileRef = AB3AF265288AD6030007539A /* FoodManChu.xcdatamodeld */; };
		AB3AF269288AD6040007539A /* Assets.xcassets in Resources */ = {isa = PBXBuildFile; fileRef = AB3AF268288AD6040007539A /* Assets.xcassets */; };
		AB3AF26C288AD6040007539A /* LaunchScreen.storyboard in Resources */ = {isa = PBXBuildFile; fileRef = AB3AF26A288AD6040007539A /* LaunchScreen.storyboard */; };
		AB4125F3288B90A200A075DC /* RecipeTableViewCell.swift in Sources */ = {isa = PBXBuildFile; fileRef = AB4125F2288B90A200A075DC /* RecipeTableViewCell.swift */; };
		AB4125F6288B90F500A075DC /* RecipeTableViewCellViewModel.swift in Sources */ = {isa = PBXBuildFile; fileRef = AB4125F5288B90F500A075DC /* RecipeTableViewCellViewModel.swift */; };
		AB4125F8288B95C100A075DC /* HomeViewModel+NSFetchedResultsControllerDelegate.swift in Sources */ = {isa = PBXBuildFile; fileRef = AB4125F7288B95C100A075DC /* HomeViewModel+NSFetchedResultsControllerDelegate.swift */; };
		AB6F9A9A2890951E009D2E93 /* TextFieldTableViewCell.swift in Sources */ = {isa = PBXBuildFile; fileRef = AB6F9A992890951E009D2E93 /* TextFieldTableViewCell.swift */; };
		AB6F9A9C28909527009D2E93 /* TextViewTableViewCell.swift in Sources */ = {isa = PBXBuildFile; fileRef = AB6F9A9B28909527009D2E93 /* TextViewTableViewCell.swift */; };
		AB6F9A9E28909531009D2E93 /* PickerViewTableViewCell.swift in Sources */ = {isa = PBXBuildFile; fileRef = AB6F9A9D28909531009D2E93 /* PickerViewTableViewCell.swift */; };
		AB6F9AA02890957B009D2E93 /* LabelWithNavigationTableViewCell.swift in Sources */ = {isa = PBXBuildFile; fileRef = AB6F9A9F2890957B009D2E93 /* LabelWithNavigationTableViewCell.swift */; };
		AB6F9AA228909581009D2E93 /* LabelTableViewCell.swift in Sources */ = {isa = PBXBuildFile; fileRef = AB6F9AA128909581009D2E93 /* LabelTableViewCell.swift */; };
		ABA49D07288AE10F00A32D2E /* Recipe+CoreDataClass.swift in Sources */ = {isa = PBXBuildFile; fileRef = ABA49D01288AE10F00A32D2E /* Recipe+CoreDataClass.swift */; };
		ABA49D08288AE10F00A32D2E /* Recipe+CoreDataProperties.swift in Sources */ = {isa = PBXBuildFile; fileRef = ABA49D02288AE10F00A32D2E /* Recipe+CoreDataProperties.swift */; };
		ABA49D0B288AE10F00A32D2E /* Category+CoreDataClass.swift in Sources */ = {isa = PBXBuildFile; fileRef = ABA49D05288AE10F00A32D2E /* Category+CoreDataClass.swift */; };
		ABA49D0C288AE10F00A32D2E /* Category+CoreDataProperties.swift in Sources */ = {isa = PBXBuildFile; fileRef = ABA49D06288AE10F00A32D2E /* Category+CoreDataProperties.swift */; };
		ABA49D10288AE52C00A32D2E /* HomeViewModel.swift in Sources */ = {isa = PBXBuildFile; fileRef = ABA49D0F288AE52C00A32D2E /* HomeViewModel.swift */; };
		ABA49D12288AE53D00A32D2E /* HomeViewController+UITableViewDelegate.swift in Sources */ = {isa = PBXBuildFile; fileRef = ABA49D11288AE53D00A32D2E /* HomeViewController+UITableViewDelegate.swift */; };
		ABA49D14288AE55100A32D2E /* HomeViewController+UITableViewDataSource.swift in Sources */ = {isa = PBXBuildFile; fileRef = ABA49D13288AE55100A32D2E /* HomeViewController+UITableViewDataSource.swift */; };
		ABA49D17288AE60800A32D2E /* Constants.swift in Sources */ = {isa = PBXBuildFile; fileRef = ABA49D16288AE60800A32D2E /* Constants.swift */; };
		ABA49D19288AE7AB00A32D2E /* AddEditRecipeViewController.swift in Sources */ = {isa = PBXBuildFile; fileRef = ABA49D18288AE7AB00A32D2E /* AddEditRecipeViewController.swift */; };
		ABB843A1288C4A8B00D57037 /* IngredientSelectionViewController+UITableViewDelegate.swift in Sources */ = {isa = PBXBuildFile; fileRef = ABB843A0288C4A8B00D57037 /* IngredientSelectionViewController+UITableViewDelegate.swift */; };
		ABB843A3288C4AA800D57037 /* IngredientSelectionViewController+UITableViewDataSource.swift in Sources */ = {isa = PBXBuildFile; fileRef = ABB843A2288C4AA800D57037 /* IngredientSelectionViewController+UITableViewDataSource.swift */; };
		ABB843A5288C4DF900D57037 /* IngredientSelectionViewModel+NSFetchedResultsControllerDelegate.swift in Sources */ = {isa = PBXBuildFile; fileRef = ABB843A4288C4DF900D57037 /* IngredientSelectionViewModel+NSFetchedResultsControllerDelegate.swift */; };
		ABB843A8288C52D200D57037 /* Ingredient+CoreDataClass.swift in Sources */ = {isa = PBXBuildFile; fileRef = ABB843A6288C52D200D57037 /* Ingredient+CoreDataClass.swift */; };
		ABB843A9288C52D200D57037 /* Ingredient+CoreDataProperties.swift in Sources */ = {isa = PBXBuildFile; fileRef = ABB843A7288C52D200D57037 /* Ingredient+CoreDataProperties.swift */; };
		ABB843AC288CC03E00D57037 /* IngredientTableViewViewCell.swift in Sources */ = {isa = PBXBuildFile; fileRef = ABB843AB288CC03E00D57037 /* IngredientTableViewViewCell.swift */; };
		ABED4722288C2A180032DDF2 /* RecipeTableViewCellButtonDelegate.swift in Sources */ = {isa = PBXBuildFile; fileRef = ABED4721288C2A180032DDF2 /* RecipeTableViewCellButtonDelegate.swift */; };
		ABED4724288C2E260032DDF2 /* AddEditRecipeViewModel.swift in Sources */ = {isa = PBXBuildFile; fileRef = ABED4723288C2E260032DDF2 /* AddEditRecipeViewModel.swift */; };
		ABED4727288C2EBF0032DDF2 /* HomeViewController+RecipeTableViewCellButtonDelegate.swift in Sources */ = {isa = PBXBuildFile; fileRef = ABED4726288C2EBF0032DDF2 /* HomeViewController+RecipeTableViewCellButtonDelegate.swift */; };
		ABED4729288C31370032DDF2 /* AddEditRecipeViewController+UITableViewDataSource.swift in Sources */ = {isa = PBXBuildFile; fileRef = ABED4728288C31370032DDF2 /* AddEditRecipeViewController+UITableViewDataSource.swift */; };
		ABED472B288C31430032DDF2 /* AddEditRecipeViewController+UITableViewDelegate.swift in Sources */ = {isa = PBXBuildFile; fileRef = ABED472A288C31430032DDF2 /* AddEditRecipeViewController+UITableViewDelegate.swift */; };
		ABED4730288C32010032DDF2 /* AddEditRecipeTableViewCellViewModel.swift in Sources */ = {isa = PBXBuildFile; fileRef = ABED472F288C32010032DDF2 /* AddEditRecipeTableViewCellViewModel.swift */; };
		ABED4732288C41FF0032DDF2 /* TextViewTableViewCell+UITextViewDelegate.swift in Sources */ = {isa = PBXBuildFile; fileRef = ABED4731288C41FF0032DDF2 /* TextViewTableViewCell+UITextViewDelegate.swift */; };
		ABED4735288C47E40032DDF2 /* IngredientSelectionViewController.swift in Sources */ = {isa = PBXBuildFile; fileRef = ABED4734288C47E40032DDF2 /* IngredientSelectionViewController.swift */; };
		ABED4737288C47F20032DDF2 /* IngredientSelectionViewModel.swift in Sources */ = {isa = PBXBuildFile; fileRef = ABED4736288C47F20032DDF2 /* IngredientSelectionViewModel.swift */; };
/* End PBXBuildFile section */

/* Begin PBXFileReference section */
		AB33E04E288DCF500026B6BE /* PickerViewTableViewCell+UIPickerViewDelegate.swift */ = {isa = PBXFileReference; lastKnownFileType = sourcecode.swift; path = "PickerViewTableViewCell+UIPickerViewDelegate.swift"; sourceTree = "<group>"; };
		AB33E050288DCF570026B6BE /* PickerViewTableViewCell+UIPickerViewDataSource.swift */ = {isa = PBXFileReference; lastKnownFileType = sourcecode.swift; path = "PickerViewTableViewCell+UIPickerViewDataSource.swift"; sourceTree = "<group>"; };
		AB3AF259288AD6030007539A /* FoodManChu.app */ = {isa = PBXFileReference; explicitFileType = wrapper.application; includeInIndex = 0; path = FoodManChu.app; sourceTree = BUILT_PRODUCTS_DIR; };
		AB3AF25C288AD6030007539A /* AppDelegate.swift */ = {isa = PBXFileReference; lastKnownFileType = sourcecode.swift; path = AppDelegate.swift; sourceTree = "<group>"; };
		AB3AF25E288AD6030007539A /* SceneDelegate.swift */ = {isa = PBXFileReference; lastKnownFileType = sourcecode.swift; path = SceneDelegate.swift; sourceTree = "<group>"; };
		AB3AF260288AD6030007539A /* HomeViewController.swift */ = {isa = PBXFileReference; lastKnownFileType = sourcecode.swift; path = HomeViewController.swift; sourceTree = "<group>"; };
		AB3AF263288AD6030007539A /* Base */ = {isa = PBXFileReference; lastKnownFileType = file.storyboard; name = Base; path = Base.lproj/Main.storyboard; sourceTree = "<group>"; };
		AB3AF266288AD6030007539A /* FoodManChu.xcdatamodel */ = {isa = PBXFileReference; lastKnownFileType = wrapper.xcdatamodel; path = FoodManChu.xcdatamodel; sourceTree = "<group>"; };
		AB3AF268288AD6040007539A /* Assets.xcassets */ = {isa = PBXFileReference; lastKnownFileType = folder.assetcatalog; path = Assets.xcassets; sourceTree = "<group>"; };
		AB3AF26B288AD6040007539A /* Base */ = {isa = PBXFileReference; lastKnownFileType = file.storyboard; name = Base; path = Base.lproj/LaunchScreen.storyboard; sourceTree = "<group>"; };
		AB3AF26D288AD6040007539A /* Info.plist */ = {isa = PBXFileReference; lastKnownFileType = text.plist.xml; path = Info.plist; sourceTree = "<group>"; };
		AB4125F2288B90A200A075DC /* RecipeTableViewCell.swift */ = {isa = PBXFileReference; lastKnownFileType = sourcecode.swift; path = RecipeTableViewCell.swift; sourceTree = "<group>"; };
		AB4125F5288B90F500A075DC /* RecipeTableViewCellViewModel.swift */ = {isa = PBXFileReference; lastKnownFileType = sourcecode.swift; path = RecipeTableViewCellViewModel.swift; sourceTree = "<group>"; };
		AB4125F7288B95C100A075DC /* HomeViewModel+NSFetchedResultsControllerDelegate.swift */ = {isa = PBXFileReference; lastKnownFileType = sourcecode.swift; path = "HomeViewModel+NSFetchedResultsControllerDelegate.swift"; sourceTree = "<group>"; };
		AB6F9A992890951E009D2E93 /* TextFieldTableViewCell.swift */ = {isa = PBXFileReference; lastKnownFileType = sourcecode.swift; path = TextFieldTableViewCell.swift; sourceTree = "<group>"; };
		AB6F9A9B28909527009D2E93 /* TextViewTableViewCell.swift */ = {isa = PBXFileReference; lastKnownFileType = sourcecode.swift; path = TextViewTableViewCell.swift; sourceTree = "<group>"; };
		AB6F9A9D28909531009D2E93 /* PickerViewTableViewCell.swift */ = {isa = PBXFileReference; lastKnownFileType = sourcecode.swift; path = PickerViewTableViewCell.swift; sourceTree = "<group>"; };
		AB6F9A9F2890957B009D2E93 /* LabelWithNavigationTableViewCell.swift */ = {isa = PBXFileReference; lastKnownFileType = sourcecode.swift; path = LabelWithNavigationTableViewCell.swift; sourceTree = "<group>"; };
		AB6F9AA128909581009D2E93 /* LabelTableViewCell.swift */ = {isa = PBXFileReference; lastKnownFileType = sourcecode.swift; path = LabelTableViewCell.swift; sourceTree = "<group>"; };
		ABA49D01288AE10F00A32D2E /* Recipe+CoreDataClass.swift */ = {isa = PBXFileReference; lastKnownFileType = sourcecode.swift; path = "Recipe+CoreDataClass.swift"; sourceTree = "<group>"; };
		ABA49D02288AE10F00A32D2E /* Recipe+CoreDataProperties.swift */ = {isa = PBXFileReference; lastKnownFileType = sourcecode.swift; path = "Recipe+CoreDataProperties.swift"; sourceTree = "<group>"; };
		ABA49D05288AE10F00A32D2E /* Category+CoreDataClass.swift */ = {isa = PBXFileReference; lastKnownFileType = sourcecode.swift; path = "Category+CoreDataClass.swift"; sourceTree = "<group>"; };
		ABA49D06288AE10F00A32D2E /* Category+CoreDataProperties.swift */ = {isa = PBXFileReference; lastKnownFileType = sourcecode.swift; path = "Category+CoreDataProperties.swift"; sourceTree = "<group>"; };
		ABA49D0F288AE52C00A32D2E /* HomeViewModel.swift */ = {isa = PBXFileReference; lastKnownFileType = sourcecode.swift; path = HomeViewModel.swift; sourceTree = "<group>"; };
		ABA49D11288AE53D00A32D2E /* HomeViewController+UITableViewDelegate.swift */ = {isa = PBXFileReference; lastKnownFileType = sourcecode.swift; path = "HomeViewController+UITableViewDelegate.swift"; sourceTree = "<group>"; };
		ABA49D13288AE55100A32D2E /* HomeViewController+UITableViewDataSource.swift */ = {isa = PBXFileReference; lastKnownFileType = sourcecode.swift; path = "HomeViewController+UITableViewDataSource.swift"; sourceTree = "<group>"; };
		ABA49D16288AE60800A32D2E /* Constants.swift */ = {isa = PBXFileReference; lastKnownFileType = sourcecode.swift; path = Constants.swift; sourceTree = "<group>"; };
		ABA49D18288AE7AB00A32D2E /* AddEditRecipeViewController.swift */ = {isa = PBXFileReference; lastKnownFileType = sourcecode.swift; path = AddEditRecipeViewController.swift; sourceTree = "<group>"; };
		ABB843A0288C4A8B00D57037 /* IngredientSelectionViewController+UITableViewDelegate.swift */ = {isa = PBXFileReference; lastKnownFileType = sourcecode.swift; path = "IngredientSelectionViewController+UITableViewDelegate.swift"; sourceTree = "<group>"; };
		ABB843A2288C4AA800D57037 /* IngredientSelectionViewController+UITableViewDataSource.swift */ = {isa = PBXFileReference; lastKnownFileType = sourcecode.swift; path = "IngredientSelectionViewController+UITableViewDataSource.swift"; sourceTree = "<group>"; };
		ABB843A4288C4DF900D57037 /* IngredientSelectionViewModel+NSFetchedResultsControllerDelegate.swift */ = {isa = PBXFileReference; lastKnownFileType = sourcecode.swift; path = "IngredientSelectionViewModel+NSFetchedResultsControllerDelegate.swift"; sourceTree = "<group>"; };
		ABB843A6288C52D200D57037 /* Ingredient+CoreDataClass.swift */ = {isa = PBXFileReference; lastKnownFileType = sourcecode.swift; path = "Ingredient+CoreDataClass.swift"; sourceTree = "<group>"; };
		ABB843A7288C52D200D57037 /* Ingredient+CoreDataProperties.swift */ = {isa = PBXFileReference; lastKnownFileType = sourcecode.swift; path = "Ingredient+CoreDataProperties.swift"; sourceTree = "<group>"; };
		ABB843AB288CC03E00D57037 /* IngredientTableViewViewCell.swift */ = {isa = PBXFileReference; lastKnownFileType = sourcecode.swift; path = IngredientTableViewViewCell.swift; sourceTree = "<group>"; };
		ABED4721288C2A180032DDF2 /* RecipeTableViewCellButtonDelegate.swift */ = {isa = PBXFileReference; lastKnownFileType = sourcecode.swift; path = RecipeTableViewCellButtonDelegate.swift; sourceTree = "<group>"; };
		ABED4723288C2E260032DDF2 /* AddEditRecipeViewModel.swift */ = {isa = PBXFileReference; lastKnownFileType = sourcecode.swift; path = AddEditRecipeViewModel.swift; sourceTree = "<group>"; };
		ABED4726288C2EBF0032DDF2 /* HomeViewController+RecipeTableViewCellButtonDelegate.swift */ = {isa = PBXFileReference; lastKnownFileType = sourcecode.swift; path = "HomeViewController+RecipeTableViewCellButtonDelegate.swift"; sourceTree = "<group>"; };
		ABED4728288C31370032DDF2 /* AddEditRecipeViewController+UITableViewDataSource.swift */ = {isa = PBXFileReference; lastKnownFileType = sourcecode.swift; path = "AddEditRecipeViewController+UITableViewDataSource.swift"; sourceTree = "<group>"; };
		ABED472A288C31430032DDF2 /* AddEditRecipeViewController+UITableViewDelegate.swift */ = {isa = PBXFileReference; lastKnownFileType = sourcecode.swift; path = "AddEditRecipeViewController+UITableViewDelegate.swift"; sourceTree = "<group>"; };
		ABED472F288C32010032DDF2 /* AddEditRecipeTableViewCellViewModel.swift */ = {isa = PBXFileReference; lastKnownFileType = sourcecode.swift; path = AddEditRecipeTableViewCellViewModel.swift; sourceTree = "<group>"; };
		ABED4731288C41FF0032DDF2 /* TextViewTableViewCell+UITextViewDelegate.swift */ = {isa = PBXFileReference; lastKnownFileType = sourcecode.swift; path = "TextViewTableViewCell+UITextViewDelegate.swift"; sourceTree = "<group>"; };
		ABED4734288C47E40032DDF2 /* IngredientSelectionViewController.swift */ = {isa = PBXFileReference; lastKnownFileType = sourcecode.swift; path = IngredientSelectionViewController.swift; sourceTree = "<group>"; };
		ABED4736288C47F20032DDF2 /* IngredientSelectionViewModel.swift */ = {isa = PBXFileReference; lastKnownFileType = sourcecode.swift; path = IngredientSelectionViewModel.swift; sourceTree = "<group>"; };
/* End PBXFileReference section */

/* Begin PBXFrameworksBuildPhase section */
		AB3AF256288AD6030007539A /* Frameworks */ = {
			isa = PBXFrameworksBuildPhase;
			buildActionMask = 2147483647;
			files = (
			);
			runOnlyForDeploymentPostprocessing = 0;
		};
/* End PBXFrameworksBuildPhase section */

/* Begin PBXGroup section */
		AB3AF250288AD6030007539A = {
			isa = PBXGroup;
			children = (
				AB3AF25B288AD6030007539A /* FoodManChu */,
				AB3AF25A288AD6030007539A /* Products */,
			);
			sourceTree = "<group>";
		};
		AB3AF25A288AD6030007539A /* Products */ = {
			isa = PBXGroup;
			children = (
				AB3AF259288AD6030007539A /* FoodManChu.app */,
			);
			name = Products;
			sourceTree = "<group>";
		};
		AB3AF25B288AD6030007539A /* FoodManChu */ = {
			isa = PBXGroup;
			children = (
				AB3AF25C288AD6030007539A /* AppDelegate.swift */,
				AB3AF25E288AD6030007539A /* SceneDelegate.swift */,
				AB3AF280288ADB080007539A /* Model */,
				ABA49D0E288AE51B00A32D2E /* View */,
				ABA49D15288AE5FC00A32D2E /* Utilities */,
				AB3AF262288AD6030007539A /* Main.storyboard */,
				AB3AF268288AD6040007539A /* Assets.xcassets */,
				AB3AF26A288AD6040007539A /* LaunchScreen.storyboard */,
				AB3AF26D288AD6040007539A /* Info.plist */,
				AB3AF265288AD6030007539A /* FoodManChu.xcdatamodeld */,
			);
			path = FoodManChu;
			sourceTree = "<group>";
		};
		AB3AF280288ADB080007539A /* Model */ = {
			isa = PBXGroup;
			children = (
				ABB843A6288C52D200D57037 /* Ingredient+CoreDataClass.swift */,
				ABB843A7288C52D200D57037 /* Ingredient+CoreDataProperties.swift */,
				ABA49D01288AE10F00A32D2E /* Recipe+CoreDataClass.swift */,
				ABA49D02288AE10F00A32D2E /* Recipe+CoreDataProperties.swift */,
				ABA49D05288AE10F00A32D2E /* Category+CoreDataClass.swift */,
				ABA49D06288AE10F00A32D2E /* Category+CoreDataProperties.swift */,
			);
			path = Model;
			sourceTree = "<group>";
		};
		AB4125F4288B90AA00A075DC /* RecipeTableViewCell */ = {
			isa = PBXGroup;
			children = (
				AB4125F2288B90A200A075DC /* RecipeTableViewCell.swift */,
				AB4125F5288B90F500A075DC /* RecipeTableViewCellViewModel.swift */,
				ABED4721288C2A180032DDF2 /* RecipeTableViewCellButtonDelegate.swift */,
			);
			path = RecipeTableViewCell;
			sourceTree = "<group>";
		};
		ABA49D0D288AE51300A32D2E /* HomeView */ = {
			isa = PBXGroup;
			children = (
				AB3AF260288AD6030007539A /* HomeViewController.swift */,
				ABA49D0F288AE52C00A32D2E /* HomeViewModel.swift */,
				ABA49D11288AE53D00A32D2E /* HomeViewController+UITableViewDelegate.swift */,
				ABA49D13288AE55100A32D2E /* HomeViewController+UITableViewDataSource.swift */,
				ABED4726288C2EBF0032DDF2 /* HomeViewController+RecipeTableViewCellButtonDelegate.swift */,
				AB4125F7288B95C100A075DC /* HomeViewModel+NSFetchedResultsControllerDelegate.swift */,
				AB4125F4288B90AA00A075DC /* RecipeTableViewCell */,
			);
			path = HomeView;
			sourceTree = "<group>";
		};
		ABA49D0E288AE51B00A32D2E /* View */ = {
			isa = PBXGroup;
			children = (
				ABA49D0D288AE51300A32D2E /* HomeView */,
				ABA49D1A288AEC2E00A32D2E /* AddEditRecipeView */,
				ABED4733288C47A00032DDF2 /* IngredientSelectionView */,
			);
			path = View;
			sourceTree = "<group>";
		};
		ABA49D15288AE5FC00A32D2E /* Utilities */ = {
			isa = PBXGroup;
			children = (
				ABA49D16288AE60800A32D2E /* Constants.swift */,
			);
			path = Utilities;
			sourceTree = "<group>";
		};
		ABA49D1A288AEC2E00A32D2E /* AddEditRecipeView */ = {
			isa = PBXGroup;
			children = (
				ABA49D18288AE7AB00A32D2E /* AddEditRecipeViewController.swift */,
				ABED4723288C2E260032DDF2 /* AddEditRecipeViewModel.swift */,
				ABED4728288C31370032DDF2 /* AddEditRecipeViewController+UITableViewDataSource.swift */,
				ABED472A288C31430032DDF2 /* AddEditRecipeViewController+UITableViewDelegate.swift */,
				ABED472C288C31B10032DDF2 /* AddEditRecipeTableViewCell */,
			);
			path = AddEditRecipeView;
			sourceTree = "<group>";
		};
		ABB843AA288CC02400D57037 /* IngredientTableViewCell */ = {
			isa = PBXGroup;
			children = (
				ABB843AB288CC03E00D57037 /* IngredientTableViewViewCell.swift */,
			);
			path = IngredientTableViewCell;
			sourceTree = "<group>";
		};
		ABED472C288C31B10032DDF2 /* AddEditRecipeTableViewCell */ = {
			isa = PBXGroup;
			children = (
				AB6F9A992890951E009D2E93 /* TextFieldTableViewCell.swift */,
				AB6F9A9B28909527009D2E93 /* TextViewTableViewCell.swift */,
				AB6F9A9D28909531009D2E93 /* PickerViewTableViewCell.swift */,
				AB6F9AA128909581009D2E93 /* LabelTableViewCell.swift */,
				AB6F9A9F2890957B009D2E93 /* LabelWithNavigationTableViewCell.swift */,
				ABED472F288C32010032DDF2 /* AddEditRecipeTableViewCellViewModel.swift */,
				ABED4731288C41FF0032DDF2 /* TextViewTableViewCell+UITextViewDelegate.swift */,
				AB33E04E288DCF500026B6BE /* PickerViewTableViewCell+UIPickerViewDelegate.swift */,
				AB33E050288DCF570026B6BE /* PickerViewTableViewCell+UIPickerViewDataSource.swift */,
			);
			path = AddEditRecipeTableViewCell;
			sourceTree = "<group>";
		};
		ABED4733288C47A00032DDF2 /* IngredientSelectionView */ = {
			isa = PBXGroup;
			children = (
				ABED4734288C47E40032DDF2 /* IngredientSelectionViewController.swift */,
				ABED4736288C47F20032DDF2 /* IngredientSelectionViewModel.swift */,
				ABB843A0288C4A8B00D57037 /* IngredientSelectionViewController+UITableViewDelegate.swift */,
				ABB843A2288C4AA800D57037 /* IngredientSelectionViewController+UITableViewDataSource.swift */,
				ABB843A4288C4DF900D57037 /* IngredientSelectionViewModel+NSFetchedResultsControllerDelegate.swift */,
				ABB843AA288CC02400D57037 /* IngredientTableViewCell */,
			);
			path = IngredientSelectionView;
			sourceTree = "<group>";
		};
/* End PBXGroup section */

/* Begin PBXNativeTarget section */
		AB3AF258288AD6030007539A /* FoodManChu */ = {
			isa = PBXNativeTarget;
			buildConfigurationList = AB3AF270288AD6040007539A /* Build configuration list for PBXNativeTarget "FoodManChu" */;
			buildPhases = (
				AB3AF255288AD6030007539A /* Sources */,
				AB3AF256288AD6030007539A /* Frameworks */,
				AB3AF257288AD6030007539A /* Resources */,
				ABED4725288C2E4F0032DDF2 /* SwiftLint */,
			);
			buildRules = (
			);
			dependencies = (
			);
			name = FoodManChu;
			productName = FoodManChu;
			productReference = AB3AF259288AD6030007539A /* FoodManChu.app */;
			productType = "com.apple.product-type.application";
		};
/* End PBXNativeTarget section */

/* Begin PBXProject section */
		AB3AF251288AD6030007539A /* Project object */ = {
			isa = PBXProject;
			attributes = {
				BuildIndependentTargetsInParallel = 1;
				LastSwiftUpdateCheck = 1340;
				LastUpgradeCheck = 1340;
				TargetAttributes = {
					AB3AF258288AD6030007539A = {
						CreatedOnToolsVersion = 13.4.1;
					};
				};
			};
			buildConfigurationList = AB3AF254288AD6030007539A /* Build configuration list for PBXProject "FoodManChu" */;
			compatibilityVersion = "Xcode 13.0";
			developmentRegion = en;
			hasScannedForEncodings = 0;
			knownRegions = (
				en,
				Base,
			);
			mainGroup = AB3AF250288AD6030007539A;
			productRefGroup = AB3AF25A288AD6030007539A /* Products */;
			projectDirPath = "";
			projectRoot = "";
			targets = (
				AB3AF258288AD6030007539A /* FoodManChu */,
			);
		};
/* End PBXProject section */

/* Begin PBXResourcesBuildPhase section */
		AB3AF257288AD6030007539A /* Resources */ = {
			isa = PBXResourcesBuildPhase;
			buildActionMask = 2147483647;
			files = (
				AB3AF26C288AD6040007539A /* LaunchScreen.storyboard in Resources */,
				AB3AF269288AD6040007539A /* Assets.xcassets in Resources */,
				AB3AF264288AD6030007539A /* Main.storyboard in Resources */,
			);
			runOnlyForDeploymentPostprocessing = 0;
		};
/* End PBXResourcesBuildPhase section */

/* Begin PBXShellScriptBuildPhase section */
		ABED4725288C2E4F0032DDF2 /* SwiftLint */ = {
			isa = PBXShellScriptBuildPhase;
			buildActionMask = 2147483647;
			files = (
			);
			inputFileListPaths = (
			);
			inputPaths = (
			);
			name = SwiftLint;
			outputFileListPaths = (
			);
			outputPaths = (
			);
			runOnlyForDeploymentPostprocessing = 0;
			shellPath = /bin/sh;
			shellScript = "if test -d \"/opt/homebrew/bin/\"; then\n  PATH=\"/opt/homebrew/bin/:${PATH}\"\nfi\n\nexport PATH\n\nif which swiftlint >/dev/null; then\n  swiftlint\nelse\n  echo \"warning: SwiftLint not installed, download from https://github.com/realm/SwiftLint\"\nfi\n";
		};
/* End PBXShellScriptBuildPhase section */

/* Begin PBXSourcesBuildPhase section */
		AB3AF255288AD6030007539A /* Sources */ = {
			isa = PBXSourcesBuildPhase;
			buildActionMask = 2147483647;
			files = (
				ABB843A9288C52D200D57037 /* Ingredient+CoreDataProperties.swift in Sources */,
				ABA49D07288AE10F00A32D2E /* Recipe+CoreDataClass.swift in Sources */,
				ABED4730288C32010032DDF2 /* AddEditRecipeTableViewCellViewModel.swift in Sources */,
				ABA49D10288AE52C00A32D2E /* HomeViewModel.swift in Sources */,
				ABED4724288C2E260032DDF2 /* AddEditRecipeViewModel.swift in Sources */,
				ABA49D14288AE55100A32D2E /* HomeViewController+UITableViewDataSource.swift in Sources */,
				ABB843A8288C52D200D57037 /* Ingredient+CoreDataClass.swift in Sources */,
				AB3AF261288AD6030007539A /* HomeViewController.swift in Sources */,
				AB6F9A9A2890951E009D2E93 /* TextFieldTableViewCell.swift in Sources */,
				ABB843AC288CC03E00D57037 /* IngredientTableViewViewCell.swift in Sources */,
				ABB843A1288C4A8B00D57037 /* IngredientSelectionViewController+UITableViewDelegate.swift in Sources */,
				ABED4737288C47F20032DDF2 /* IngredientSelectionViewModel.swift in Sources */,
				ABED4735288C47E40032DDF2 /* IngredientSelectionViewController.swift in Sources */,
				AB33E04F288DCF500026B6BE /* PickerViewTableViewCell+UIPickerViewDelegate.swift in Sources */,
				AB3AF25D288AD6030007539A /* AppDelegate.swift in Sources */,
				AB6F9AA02890957B009D2E93 /* LabelWithNavigationTableViewCell.swift in Sources */,
				ABA49D12288AE53D00A32D2E /* HomeViewController+UITableViewDelegate.swift in Sources */,
				AB6F9A9C28909527009D2E93 /* TextViewTableViewCell.swift in Sources */,
				ABA49D08288AE10F00A32D2E /* Recipe+CoreDataProperties.swift in Sources */,
				ABED4722288C2A180032DDF2 /* RecipeTableViewCellButtonDelegate.swift in Sources */,
				ABA49D19288AE7AB00A32D2E /* AddEditRecipeViewController.swift in Sources */,
				ABB843A5288C4DF900D57037 /* IngredientSelectionViewModel+NSFetchedResultsControllerDelegate.swift in Sources */,
				AB6F9AA228909581009D2E93 /* LabelTableViewCell.swift in Sources */,
				AB4125F8288B95C100A075DC /* HomeViewModel+NSFetchedResultsControllerDelegate.swift in Sources */,
				AB3AF25F288AD6030007539A /* SceneDelegate.swift in Sources */,
				ABA49D0C288AE10F00A32D2E /* Category+CoreDataProperties.swift in Sources */,
				ABED472B288C31430032DDF2 /* AddEditRecipeViewController+UITableViewDelegate.swift in Sources */,
				ABA49D17288AE60800A32D2E /* Constants.swift in Sources */,
				AB33E051288DCF570026B6BE /* PickerViewTableViewCell+UIPickerViewDataSource.swift in Sources */,
				ABA49D0B288AE10F00A32D2E /* Category+CoreDataClass.swift in Sources */,
				ABED4732288C41FF0032DDF2 /* TextViewTableViewCell+UITextViewDelegate.swift in Sources */,
				AB4125F6288B90F500A075DC /* RecipeTableViewCellViewModel.swift in Sources */,
				AB3AF267288AD6030007539A /* FoodManChu.xcdatamodeld in Sources */,
				AB4125F3288B90A200A075DC /* RecipeTableViewCell.swift in Sources */,
				ABB843A3288C4AA800D57037 /* IngredientSelectionViewController+UITableViewDataSource.swift in Sources */,
				ABED4727288C2EBF0032DDF2 /* HomeViewController+RecipeTableViewCellButtonDelegate.swift in Sources */,
				AB6F9A9E28909531009D2E93 /* PickerViewTableViewCell.swift in Sources */,
				ABED4729288C31370032DDF2 /* AddEditRecipeViewController+UITableViewDataSource.swift in Sources */,
			);
			runOnlyForDeploymentPostprocessing = 0;
		};
/* End PBXSourcesBuildPhase section */

/* Begin PBXVariantGroup section */
		AB3AF262288AD6030007539A /* Main.storyboard */ = {
			isa = PBXVariantGroup;
			children = (
				AB3AF263288AD6030007539A /* Base */,
			);
			name = Main.storyboard;
			sourceTree = "<group>";
		};
		AB3AF26A288AD6040007539A /* LaunchScreen.storyboard */ = {
			isa = PBXVariantGroup;
			children = (
				AB3AF26B288AD6040007539A /* Base */,
			);
			name = LaunchScreen.storyboard;
			sourceTree = "<group>";
		};
/* End PBXVariantGroup section */

/* Begin XCBuildConfiguration section */
		AB3AF26E288AD6040007539A /* Debug */ = {
			isa = XCBuildConfiguration;
			buildSettings = {
				ALWAYS_SEARCH_USER_PATHS = NO;
				CLANG_ANALYZER_NONNULL = YES;
				CLANG_ANALYZER_NUMBER_OBJECT_CONVERSION = YES_AGGRESSIVE;
				CLANG_CXX_LANGUAGE_STANDARD = "gnu++17";
				CLANG_ENABLE_MODULES = YES;
				CLANG_ENABLE_OBJC_ARC = YES;
				CLANG_ENABLE_OBJC_WEAK = YES;
				CLANG_WARN_BLOCK_CAPTURE_AUTORELEASING = YES;
				CLANG_WARN_BOOL_CONVERSION = YES;
				CLANG_WARN_COMMA = YES;
				CLANG_WARN_CONSTANT_CONVERSION = YES;
				CLANG_WARN_DEPRECATED_OBJC_IMPLEMENTATIONS = YES;
				CLANG_WARN_DIRECT_OBJC_ISA_USAGE = YES_ERROR;
				CLANG_WARN_DOCUMENTATION_COMMENTS = YES;
				CLANG_WARN_EMPTY_BODY = YES;
				CLANG_WARN_ENUM_CONVERSION = YES;
				CLANG_WARN_INFINITE_RECURSION = YES;
				CLANG_WARN_INT_CONVERSION = YES;
				CLANG_WARN_NON_LITERAL_NULL_CONVERSION = YES;
				CLANG_WARN_OBJC_IMPLICIT_RETAIN_SELF = YES;
				CLANG_WARN_OBJC_LITERAL_CONVERSION = YES;
				CLANG_WARN_OBJC_ROOT_CLASS = YES_ERROR;
				CLANG_WARN_QUOTED_INCLUDE_IN_FRAMEWORK_HEADER = YES;
				CLANG_WARN_RANGE_LOOP_ANALYSIS = YES;
				CLANG_WARN_STRICT_PROTOTYPES = YES;
				CLANG_WARN_SUSPICIOUS_MOVE = YES;
				CLANG_WARN_UNGUARDED_AVAILABILITY = YES_AGGRESSIVE;
				CLANG_WARN_UNREACHABLE_CODE = YES;
				CLANG_WARN__DUPLICATE_METHOD_MATCH = YES;
				COPY_PHASE_STRIP = NO;
				DEBUG_INFORMATION_FORMAT = dwarf;
				ENABLE_STRICT_OBJC_MSGSEND = YES;
				ENABLE_TESTABILITY = YES;
				GCC_C_LANGUAGE_STANDARD = gnu11;
				GCC_DYNAMIC_NO_PIC = NO;
				GCC_NO_COMMON_BLOCKS = YES;
				GCC_OPTIMIZATION_LEVEL = 0;
				GCC_PREPROCESSOR_DEFINITIONS = (
					"DEBUG=1",
					"$(inherited)",
				);
				GCC_WARN_64_TO_32_BIT_CONVERSION = YES;
				GCC_WARN_ABOUT_RETURN_TYPE = YES_ERROR;
				GCC_WARN_UNDECLARED_SELECTOR = YES;
				GCC_WARN_UNINITIALIZED_AUTOS = YES_AGGRESSIVE;
				GCC_WARN_UNUSED_FUNCTION = YES;
				GCC_WARN_UNUSED_VARIABLE = YES;
				IPHONEOS_DEPLOYMENT_TARGET = 15.5;
				MTL_ENABLE_DEBUG_INFO = INCLUDE_SOURCE;
				MTL_FAST_MATH = YES;
				ONLY_ACTIVE_ARCH = YES;
				SDKROOT = iphoneos;
				SWIFT_ACTIVE_COMPILATION_CONDITIONS = DEBUG;
				SWIFT_OPTIMIZATION_LEVEL = "-Onone";
			};
			name = Debug;
		};
		AB3AF26F288AD6040007539A /* Release */ = {
			isa = XCBuildConfiguration;
			buildSettings = {
				ALWAYS_SEARCH_USER_PATHS = NO;
				CLANG_ANALYZER_NONNULL = YES;
				CLANG_ANALYZER_NUMBER_OBJECT_CONVERSION = YES_AGGRESSIVE;
				CLANG_CXX_LANGUAGE_STANDARD = "gnu++17";
				CLANG_ENABLE_MODULES = YES;
				CLANG_ENABLE_OBJC_ARC = YES;
				CLANG_ENABLE_OBJC_WEAK = YES;
				CLANG_WARN_BLOCK_CAPTURE_AUTORELEASING = YES;
				CLANG_WARN_BOOL_CONVERSION = YES;
				CLANG_WARN_COMMA = YES;
				CLANG_WARN_CONSTANT_CONVERSION = YES;
				CLANG_WARN_DEPRECATED_OBJC_IMPLEMENTATIONS = YES;
				CLANG_WARN_DIRECT_OBJC_ISA_USAGE = YES_ERROR;
				CLANG_WARN_DOCUMENTATION_COMMENTS = YES;
				CLANG_WARN_EMPTY_BODY = YES;
				CLANG_WARN_ENUM_CONVERSION = YES;
				CLANG_WARN_INFINITE_RECURSION = YES;
				CLANG_WARN_INT_CONVERSION = YES;
				CLANG_WARN_NON_LITERAL_NULL_CONVERSION = YES;
				CLANG_WARN_OBJC_IMPLICIT_RETAIN_SELF = YES;
				CLANG_WARN_OBJC_LITERAL_CONVERSION = YES;
				CLANG_WARN_OBJC_ROOT_CLASS = YES_ERROR;
				CLANG_WARN_QUOTED_INCLUDE_IN_FRAMEWORK_HEADER = YES;
				CLANG_WARN_RANGE_LOOP_ANALYSIS = YES;
				CLANG_WARN_STRICT_PROTOTYPES = YES;
				CLANG_WARN_SUSPICIOUS_MOVE = YES;
				CLANG_WARN_UNGUARDED_AVAILABILITY = YES_AGGRESSIVE;
				CLANG_WARN_UNREACHABLE_CODE = YES;
				CLANG_WARN__DUPLICATE_METHOD_MATCH = YES;
				COPY_PHASE_STRIP = NO;
				DEBUG_INFORMATION_FORMAT = "dwarf-with-dsym";
				ENABLE_NS_ASSERTIONS = NO;
				ENABLE_STRICT_OBJC_MSGSEND = YES;
				GCC_C_LANGUAGE_STANDARD = gnu11;
				GCC_NO_COMMON_BLOCKS = YES;
				GCC_WARN_64_TO_32_BIT_CONVERSION = YES;
				GCC_WARN_ABOUT_RETURN_TYPE = YES_ERROR;
				GCC_WARN_UNDECLARED_SELECTOR = YES;
				GCC_WARN_UNINITIALIZED_AUTOS = YES_AGGRESSIVE;
				GCC_WARN_UNUSED_FUNCTION = YES;
				GCC_WARN_UNUSED_VARIABLE = YES;
				IPHONEOS_DEPLOYMENT_TARGET = 15.5;
				MTL_ENABLE_DEBUG_INFO = NO;
				MTL_FAST_MATH = YES;
				SDKROOT = iphoneos;
				SWIFT_COMPILATION_MODE = wholemodule;
				SWIFT_OPTIMIZATION_LEVEL = "-O";
				VALIDATE_PRODUCT = YES;
			};
			name = Release;
		};
		AB3AF271288AD6040007539A /* Debug */ = {
			isa = XCBuildConfiguration;
			buildSettings = {
				ASSETCATALOG_COMPILER_APPICON_NAME = AppIcon;
				ASSETCATALOG_COMPILER_GLOBAL_ACCENT_COLOR_NAME = AccentColor;
				CODE_SIGN_STYLE = Automatic;
				CURRENT_PROJECT_VERSION = 1;
				DEVELOPMENT_TEAM = 9LT5ZRK64X;
				GENERATE_INFOPLIST_FILE = YES;
				INFOPLIST_FILE = FoodManChu/Info.plist;
				INFOPLIST_KEY_UIApplicationSupportsIndirectInputEvents = YES;
				INFOPLIST_KEY_UILaunchStoryboardName = LaunchScreen;
				INFOPLIST_KEY_UISupportedInterfaceOrientations_iPad = "UIInterfaceOrientationPortrait UIInterfaceOrientationPortraitUpsideDown UIInterfaceOrientationLandscapeLeft UIInterfaceOrientationLandscapeRight";
				INFOPLIST_KEY_UISupportedInterfaceOrientations_iPhone = "UIInterfaceOrientationPortrait UIInterfaceOrientationLandscapeLeft UIInterfaceOrientationLandscapeRight";
				IPHONEOS_DEPLOYMENT_TARGET = 15.5;
				LD_RUNPATH_SEARCH_PATHS = (
					"$(inherited)",
					"@executable_path/Frameworks",
				);
				MARKETING_VERSION = 1.0;
				PRODUCT_BUNDLE_IDENTIFIER = com.julianmichaeltechnologies.FoodManChu;
				PRODUCT_NAME = "$(TARGET_NAME)";
				SWIFT_EMIT_LOC_STRINGS = YES;
				SWIFT_VERSION = 5.0;
				TARGETED_DEVICE_FAMILY = "1,2";
			};
			name = Debug;
		};
		AB3AF272288AD6040007539A /* Release */ = {
			isa = XCBuildConfiguration;
			buildSettings = {
				ASSETCATALOG_COMPILER_APPICON_NAME = AppIcon;
				ASSETCATALOG_COMPILER_GLOBAL_ACCENT_COLOR_NAME = AccentColor;
				CODE_SIGN_STYLE = Automatic;
				CURRENT_PROJECT_VERSION = 1;
				DEVELOPMENT_TEAM = 9LT5ZRK64X;
				GENERATE_INFOPLIST_FILE = YES;
				INFOPLIST_FILE = FoodManChu/Info.plist;
				INFOPLIST_KEY_UIApplicationSupportsIndirectInputEvents = YES;
				INFOPLIST_KEY_UILaunchStoryboardName = LaunchScreen;
				INFOPLIST_KEY_UISupportedInterfaceOrientations_iPad = "UIInterfaceOrientationPortrait UIInterfaceOrientationPortraitUpsideDown UIInterfaceOrientationLandscapeLeft UIInterfaceOrientationLandscapeRight";
				INFOPLIST_KEY_UISupportedInterfaceOrientations_iPhone = "UIInterfaceOrientationPortrait UIInterfaceOrientationLandscapeLeft UIInterfaceOrientationLandscapeRight";
				IPHONEOS_DEPLOYMENT_TARGET = 15.5;
				LD_RUNPATH_SEARCH_PATHS = (
					"$(inherited)",
					"@executable_path/Frameworks",
				);
				MARKETING_VERSION = 1.0;
				PRODUCT_BUNDLE_IDENTIFIER = com.julianmichaeltechnologies.FoodManChu;
				PRODUCT_NAME = "$(TARGET_NAME)";
				SWIFT_EMIT_LOC_STRINGS = YES;
				SWIFT_VERSION = 5.0;
				TARGETED_DEVICE_FAMILY = "1,2";
			};
			name = Release;
		};
/* End XCBuildConfiguration section */

/* Begin XCConfigurationList section */
		AB3AF254288AD6030007539A /* Build configuration list for PBXProject "FoodManChu" */ = {
			isa = XCConfigurationList;
			buildConfigurations = (
				AB3AF26E288AD6040007539A /* Debug */,
				AB3AF26F288AD6040007539A /* Release */,
			);
			defaultConfigurationIsVisible = 0;
			defaultConfigurationName = Release;
		};
		AB3AF270288AD6040007539A /* Build configuration list for PBXNativeTarget "FoodManChu" */ = {
			isa = XCConfigurationList;
			buildConfigurations = (
				AB3AF271288AD6040007539A /* Debug */,
				AB3AF272288AD6040007539A /* Release */,
			);
			defaultConfigurationIsVisible = 0;
			defaultConfigurationName = Release;
		};
/* End XCConfigurationList section */

/* Begin XCVersionGroup section */
		AB3AF265288AD6030007539A /* FoodManChu.xcdatamodeld */ = {
			isa = XCVersionGroup;
			children = (
				AB3AF266288AD6030007539A /* FoodManChu.xcdatamodel */,
			);
			currentVersion = AB3AF266288AD6030007539A /* FoodManChu.xcdatamodel */;
			path = FoodManChu.xcdatamodeld;
			sourceTree = "<group>";
			versionGroupType = wrapper.xcdatamodel;
		};
/* End XCVersionGroup section */
	};
	rootObject = AB3AF251288AD6030007539A /* Project object */;
}
